
Microsoft Visual Studio Solution File, Format Version 12.00
# Visual Studio 15
Project("{FAE04EC0-301F-11D3-BF4B-00C04F79EFBC}") = "Assembly-CSharp", "Assembly-CSharp.csproj", "{67E3FE50-61F2-2464-6683-E83BBAA792BF}"
EndProject
Project("{FAE04EC0-301F-11D3-BF4B-00C04F79EFBC}") = "Assembly-CSharp-Editor", "Assembly-CSharp-Editor.csproj", "{57EBD4BF-D308-44A2-347F-C399C0D40880}"
EndProject
Global
	GlobalSection(SolutionConfigurationPlatforms) = preSolution
		Debug|Any CPU = Debug|Any CPU
		Release|Any CPU = Release|Any CPU
	EndGlobalSection
	GlobalSection(ProjectConfigurationPlatforms) = postSolution
		{67E3FE50-61F2-2464-6683-E83BBAA792BF}.Debug|Any CPU.ActiveCfg = Debug|Any CPU
		{67E3FE50-61F2-2464-6683-E83BBAA792BF}.Debug|Any CPU.Build.0 = Debug|Any CPU
		{67E3FE50-61F2-2464-6683-E83BBAA792BF}.Release|Any CPU.ActiveCfg = Release|Any CPU
		{67E3FE50-61F2-2464-6683-E83BBAA792BF}.Release|Any CPU.Build.0 = Release|Any CPU
		{57EBD4BF-D308-44A2-347F-C399C0D40880}.Debug|Any CPU.ActiveCfg = Debug|Any CPU
		{57EBD4BF-D308-44A2-347F-C399C0D40880}.Debug|Any CPU.Build.0 = Debug|Any CPU
		{57EBD4BF-D308-44A2-347F-C399C0D40880}.Release|Any CPU.ActiveCfg = Release|Any CPU
		{57EBD4BF-D308-44A2-347F-C399C0D40880}.Release|Any CPU.Build.0 = Release|Any CPU
	EndGlobalSection
	GlobalSection(SolutionProperties) = preSolution
		HideSolutionNode = FALSE
	EndGlobalSection
EndGlobal
